version = 1
revision = 3
requires-python = ">=3.13"

[[package]]
name = "greenlet"
version = "3.2.4"
source = { registry = "https://pypi.org/simple" }
sdist = { url = "https://files.pythonhosted.org/packages/03/b8/704d753a5a45507a7aab61f18db9509302ed3d0a27ac7e0359ec2905b1a6/greenlet-3.2.4.tar.gz", hash = "sha256:0dca0d95ff849f9a364385f36ab49f50065d76964944638be9691e1832e9f86d", size = 188260, upload-time = "2025-08-07T13:24:33.51Z" }
wheels = [
    { url = "https://files.pythonhosted.org/packages/49/e8/58c7f85958bda41dafea50497cbd59738c5c43dbbea5ee83d651234398f4/greenlet-3.2.4-cp313-cp313-macosx_11_0_universal2.whl", hash = "sha256:1a921e542453fe531144e91e1feedf12e07351b1cf6c9e8a3325ea600a715a31", size = 272814, upload-time = "2025-08-07T13:15:50.011Z" },
    { url = "https://files.pythonhosted.org/packages/62/dd/b9f59862e9e257a16e4e610480cfffd29e3fae018a68c2332090b53aac3d/greenlet-3.2.4-cp313-cp313-manylinux2014_aarch64.manylinux_2_17_aarch64.whl", hash = "sha256:cd3c8e693bff0fff6ba55f140bf390fa92c994083f838fece0f63be121334945", size = 641073, upload-time = "2025-08-07T13:42:57.23Z" },
    { url = "https://files.pythonhosted.org/packages/f7/0b/bc13f787394920b23073ca3b6c4a7a21396301ed75a655bcb47196b50e6e/greenlet-3.2.4-cp313-cp313-manylinux2014_ppc64le.manylinux_2_17_ppc64le.whl", hash = "sha256:710638eb93b1fa52823aa91bf75326f9ecdfd5e0466f00789246a5280f4ba0fc", size = 655191, upload-time = "2025-08-07T13:45:29.752Z" },
    { url = "https://files.pythonhosted.org/packages/f2/d6/6adde57d1345a8d0f14d31e4ab9c23cfe8e2cd39c3baf7674b4b0338d266/greenlet-3.2.4-cp313-cp313-manylinux2014_s390x.manylinux_2_17_s390x.whl", hash = "sha256:c5111ccdc9c88f423426df3fd1811bfc40ed66264d35aa373420a34377efc98a", size = 649516, upload-time = "2025-08-07T13:53:16.314Z" },
    { url = "https://files.pythonhosted.org/packages/7f/3b/3a3328a788d4a473889a2d403199932be55b1b0060f4ddd96ee7cdfcad10/greenlet-3.2.4-cp313-cp313-manylinux2014_x86_64.manylinux_2_17_x86_64.whl", hash = "sha256:d76383238584e9711e20ebe14db6c88ddcedc1829a9ad31a584389463b5aa504", size = 652169, upload-time = "2025-08-07T13:18:32.861Z" },
    { url = "https://files.pythonhosted.org/packages/ee/43/3cecdc0349359e1a527cbf2e3e28e5f8f06d3343aaf82ca13437a9aa290f/greenlet-3.2.4-cp313-cp313-manylinux_2_24_x86_64.manylinux_2_28_x86_64.whl", hash = "sha256:23768528f2911bcd7e475210822ffb5254ed10d71f4028387e5a99b4c6699671", size = 610497, upload-time = "2025-08-07T13:18:31.636Z" },
    { url = "https://files.pythonhosted.org/packages/b8/19/06b6cf5d604e2c382a6f31cafafd6f33d5dea706f4db7bdab184bad2b21d/greenlet-3.2.4-cp313-cp313-musllinux_1_1_aarch64.whl", hash = "sha256:00fadb3fedccc447f517ee0d3fd8fe49eae949e1cd0f6a611818f4f6fb7dc83b", size = 1121662, upload-time = "2025-08-07T13:42:41.117Z" },
    { url = "https://files.pythonhosted.org/packages/a2/15/0d5e4e1a66fab130d98168fe984c509249c833c1a3c16806b90f253ce7b9/greenlet-3.2.4-cp313-cp313-musllinux_1_1_x86_64.whl", hash = "sha256:d25c5091190f2dc0eaa3f950252122edbbadbb682aa7b1ef2f8af0f8c0afefae", size = 1149210, upload-time = "2025-08-07T13:18:24.072Z" },
    { url = "https://files.pythonhosted.org/packages/1c/53/f9c440463b3057485b8594d7a638bed53ba531165ef0ca0e6c364b5cc807/greenlet-3.2.4-cp313-cp313-musllinux_1_2_aarch64.whl", hash = "sha256:6e343822feb58ac4d0a1211bd9399de2b3a04963ddeec21530fc426cc121f19b", size = 1564759, upload-time = "2025-11-04T12:42:19.395Z" },
    { url = "https://files.pythonhosted.org/packages/47/e4/3bb4240abdd0a8d23f4f88adec746a3099f0d86bfedb623f063b2e3b4df0/greenlet-3.2.4-cp313-cp313-musllinux_1_2_x86_64.whl", hash = "sha256:ca7f6f1f2649b89ce02f6f229d7c19f680a6238af656f61e0115b24857917929", size = 1634288, upload-time = "2025-11-04T12:42:21.174Z" },
    { url = "https://files.pythonhosted.org/packages/0b/55/2321e43595e6801e105fcfdee02b34c0f996eb71e6ddffca6b10b7e1d771/greenlet-3.2.4-cp313-cp313-win_amd64.whl", hash = "sha256:554b03b6e73aaabec3745364d6239e9e012d64c68ccd0b8430c64ccc14939a8b", size = 299685, upload-time = "2025-08-07T13:24:38.824Z" },
    { url = "https://files.pythonhosted.org/packages/22/5c/85273fd7cc388285632b0498dbbab97596e04b154933dfe0f3e68156c68c/greenlet-3.2.4-cp314-cp314-macosx_11_0_universal2.whl", hash = "sha256:49a30d5fda2507ae77be16479bdb62a660fa51b1eb4928b524975b3bde77b3c0", size = 273586, upload-time = "2025-08-07T13:16:08.004Z" },
    { url = "https://files.pythonhosted.org/packages/d1/75/10aeeaa3da9332c2e761e4c50d4c3556c21113ee3f0afa2cf5769946f7a3/greenlet-3.2.4-cp314-cp314-manylinux2014_aarch64.manylinux_2_17_aarch64.whl", hash = "sha256:299fd615cd8fc86267b47597123e3f43ad79c9d8a22bebdce535e53550763e2f", size = 686346, upload-time = "2025-08-07T13:42:59.944Z" },
    { url = "https://files.pythonhosted.org/packages/c0/aa/687d6b12ffb505a4447567d1f3abea23bd20e73a5bed63871178e0831b7a/greenlet-3.2.4-cp314-cp314-manylinux2014_ppc64le.manylinux_2_17_ppc64le.whl", hash = "sha256:c17b6b34111ea72fc5a4e4beec9711d2226285f0386ea83477cbb97c30a3f3a5", size = 699218, upload-time = "2025-08-07T13:45:30.969Z" },
    { url = "https://files.pythonhosted.org/packages/dc/8b/29aae55436521f1d6f8ff4e12fb676f3400de7fcf27fccd1d4d17fd8fecd/greenlet-3.2.4-cp314-cp314-manylinux2014_s390x.manylinux_2_17_s390x.whl", hash = "sha256:b4a1870c51720687af7fa3e7cda6d08d801dae660f75a76f3845b642b4da6ee1", size = 694659, upload-time = "2025-08-07T13:53:17.759Z" },
    { url = "https://files.pythonhosted.org/packages/92/2e/ea25914b1ebfde93b6fc4ff46d6864564fba59024e928bdc7de475affc25/greenlet-3.2.4-cp314-cp314-manylinux2014_x86_64.manylinux_2_17_x86_64.whl", hash = "sha256:061dc4cf2c34852b052a8620d40f36324554bc192be474b9e9770e8c042fd735", size = 695355, upload-time = "2025-08-07T13:18:34.517Z" },
    { url = "https://files.pythonhosted.org/packages/72/60/fc56c62046ec17f6b0d3060564562c64c862948c9d4bc8aa807cf5bd74f4/greenlet-3.2.4-cp314-cp314-manylinux_2_24_x86_64.manylinux_2_28_x86_64.whl", hash = "sha256:44358b9bf66c8576a9f57a590d5f5d6e72fa4228b763d0e43fee6d3b06d3a337", size = 657512, upload-time = "2025-08-07T13:18:33.969Z" },
    { url = "https://files.pythonhosted.org/packages/23/6e/74407aed965a4ab6ddd93a7ded3180b730d281c77b765788419484cdfeef/greenlet-3.2.4-cp314-cp314-musllinux_1_2_aarch64.whl", hash = "sha256:2917bdf657f5859fbf3386b12d68ede4cf1f04c90c3a6bc1f013dd68a22e2269", size = 1612508, upload-time = "2025-11-04T12:42:23.427Z" },
    { url = "https://files.pythonhosted.org/packages/0d/da/343cd760ab2f92bac1845ca07ee3faea9fe52bee65f7bcb19f16ad7de08b/greenlet-3.2.4-cp314-cp314-musllinux_1_2_x86_64.whl", hash = "sha256:015d48959d4add5d6c9f6c5210ee3803a830dce46356e3bc326d6776bde54681", size = 1680760, upload-time = "2025-11-04T12:42:25.341Z" },
    { url = "https://files.pythonhosted.org/packages/e3/a5/6ddab2b4c112be95601c13428db1d8b6608a8b6039816f2ba09c346c08fc/greenlet-3.2.4-cp314-cp314-win_amd64.whl", hash = "sha256:e37ab26028f12dbb0ff65f29a8d3d44a765c61e729647bf2ddfbbed621726f01", size = 303425, upload-time = "2025-08-07T13:32:27.59Z" },
]

[[package]]
name = "mysql-connector-python"
version = "9.5.0"
source = { registry = "https://pypi.org/simple" }
sdist = { url = "https://files.pythonhosted.org/packages/39/33/b332b001bc8c5ee09255a0d4b09a254da674450edd6a3e5228b245ca82a0/mysql_connector_python-9.5.0.tar.gz", hash = "sha256:92fb924285a86d8c146ebd63d94f9eaefa548da7813bc46271508fdc6cc1d596", size = 12251077, upload-time = "2025-10-22T09:05:45.423Z" }
wheels = [
    { url = "https://files.pythonhosted.org/packages/72/18/f221aeac49ce94ac119a427afbd51fe1629d48745b571afc0de49647b528/mysql_connector_python-9.5.0-cp313-cp313-macosx_14_0_arm64.whl", hash = "sha256:1f5f7346b0d5edb2e994c1bd77b3f5eed88b0ca368ad6788d1012c7e56d7bf68", size = 17581933, upload-time = "2025-10-22T09:02:04.396Z" },
    { url = "https://files.pythonhosted.org/packages/de/8e/14d44db7353350006a12e46d61c3a995bba06acd7547fc78f9bb32611e0c/mysql_connector_python-9.5.0-cp313-cp313-macosx_14_0_x86_64.whl", hash = "sha256:07bf52591b4215cb4318b4617c327a6d84c31978c11e3255f01a627bcda2618e", size = 18448446, upload-time = "2025-10-22T09:02:06.399Z" },
    { url = "https://files.pythonhosted.org/packages/6b/f5/ab306f292a99bff3544ff44ad53661a031dc1a11e5b1ad64b9e5b5290ef9/mysql_connector_python-9.5.0-cp313-cp313-manylinux_2_28_aarch64.whl", hash = "sha256:8972c1f960b30d487f34f9125ec112ea2b3200bd02c53e5e32ee7a43be6d64c1", size = 33668933, upload-time = "2025-10-22T09:02:08.785Z" },
    { url = "https://files.pythonhosted.org/packages/e8/ee/d146d2642552ebb5811cf551f06aca7da536c80b18fb6c75bdbc29723388/mysql_connector_python-9.5.0-cp313-cp313-manylinux_2_28_x86_64.whl", hash = "sha256:f6d32d7aa514d2f6f8709ba1e018314f82ab2acea2e6af30d04c1906fe9171b9", size = 34103214, upload-time = "2025-10-22T09:02:11.657Z" },
    { url = "https://files.pythonhosted.org/packages/e7/f8/5e88e5eda1fe58f7d146b73744f691d85dce76fb42e7ce3de53e49911da3/mysql_connector_python-9.5.0-cp313-cp313-win_amd64.whl", hash = "sha256:edd47048eb65c196b28aa9d2c0c6a017d8ca084a9a7041cd317301c829eb5a05", size = 16512689, upload-time = "2025-10-22T09:02:14.167Z" },
    { url = "https://files.pythonhosted.org/packages/14/42/52bef145028af1b8e633eb77773278a04b2cd9f824117209aba093018445/mysql_connector_python-9.5.0-cp314-cp314-macosx_14_0_arm64.whl", hash = "sha256:6effda35df1a96d9a096f04468d40f2324ea36b34d0e9632e81daae8be97b308", size = 17581903, upload-time = "2025-10-22T09:02:16.441Z" },
    { url = "https://files.pythonhosted.org/packages/f4/a6/bd800b42bde86bf2e9468dfabcbd7538c66daff9d1a9fc97d2cc897f96fa/mysql_connector_python-9.5.0-cp314-cp314-macosx_14_0_x86_64.whl", hash = "sha256:fd057bd042464eedbf5337d1ceea7f2a4ab075a1cf6d1d62ffd5184966a656dd", size = 18448394, upload-time = "2025-10-22T09:02:18.436Z" },
    { url = "https://files.pythonhosted.org/packages/4a/21/a1a3247775d0dfee094499cb915560755eaa1013ac3b03e34a98b0e16e49/mysql_connector_python-9.5.0-cp314-cp314-manylinux_2_28_aarch64.whl", hash = "sha256:2797dd7bbefb1d1669d984cfb284ea6b34401bbd9c1b3bf84e646d0bd3a82197", size = 33669845, upload-time = "2025-10-22T09:02:20.966Z" },
    { url = "https://files.pythonhosted.org/packages/58/b7/dcab48349ab8abafd6f40f113101549e0cf107e43dd9c7e1fae79799604b/mysql_connector_python-9.5.0-cp314-cp314-manylinux_2_28_x86_64.whl", hash = "sha256:a5fff063ed48281b7374a4da6b9ef4293d390c153f79b1589ee547ea08c92310", size = 34104103, upload-time = "2025-10-22T09:02:23.469Z" },
    { url = "https://files.pythonhosted.org/packages/21/3a/be129764fe5f5cd89a5aa3f58e7a7471284715f4af71097a980d24ebec0a/mysql_connector_python-9.5.0-cp314-cp314-win_amd64.whl", hash = "sha256:56104693478fd447886c470a6d0558ded0fe2577df44c18232a6af6a2bbdd3e9", size = 17001255, upload-time = "2025-10-22T09:02:25.765Z" },
    { url = "https://files.pythonhosted.org/packages/95/e1/45373c06781340c7b74fe9b88b85278ac05321889a307eaa5be079a997d4/mysql_connector_python-9.5.0-py2.py3-none-any.whl", hash = "sha256:ace137b88eb6fdafa1e5b2e03ac76ce1b8b1844b3a4af1192a02ae7c1a45bdee", size = 479047, upload-time = "2025-10-22T09:02:27.809Z" },
]

[[package]]
name = "playwright"
version = "1.55.0"
source = { registry = "https://pypi.org/simple" }
dependencies = [
    { name = "greenlet" },
    { name = "pyee" },
]
wheels = [
    { url = "https://files.pythonhosted.org/packages/80/3a/c81ff76df266c62e24f19718df9c168f49af93cabdbc4608ae29656a9986/playwright-1.55.0-py3-none-macosx_10_13_x86_64.whl", hash = "sha256:d7da108a95001e412effca4f7610de79da1637ccdf670b1ae3fdc08b9694c034", size = 40428109, upload-time = "2025-08-28T15:46:20.357Z" },
    { url = "https://files.pythonhosted.org/packages/cf/f5/bdb61553b20e907196a38d864602a9b4a461660c3a111c67a35179b636fa/playwright-1.55.0-py3-none-macosx_11_0_arm64.whl", hash = "sha256:8290cf27a5d542e2682ac274da423941f879d07b001f6575a5a3a257b1d4ba1c", size = 38687254, upload-time = "2025-08-28T15:46:23.925Z" },
    { url = "https://files.pythonhosted.org/packages/4a/64/48b2837ef396487807e5ab53c76465747e34c7143fac4a084ef349c293a8/playwright-1.55.0-py3-none-macosx_11_0_universal2.whl", hash = "sha256:25b0d6b3fd991c315cca33c802cf617d52980108ab8431e3e1d37b5de755c10e", size = 40428108, upload-time = "2025-08-28T15:46:27.119Z" },
    { url = "https://files.pythonhosted.org/packages/08/33/858312628aa16a6de97839adc2ca28031ebc5391f96b6fb8fdf1fcb15d6c/playwright-1.55.0-py3-none-manylinux1_x86_64.whl", hash = "sha256:c6d4d8f6f8c66c483b0835569c7f0caa03230820af8e500c181c93509c92d831", size = 45905643, upload-time = "2025-08-28T15:46:30.312Z" },
    { url = "https://files.pythonhosted.org/packages/83/83/b8d06a5b5721931aa6d5916b83168e28bd891f38ff56fe92af7bdee9860f/playwright-1.55.0-py3-none-manylinux_2_17_aarch64.manylinux2014_aarch64.whl", hash = "sha256:29a0777c4ce1273acf90c87e4ae2fe0130182100d99bcd2ae5bf486093044838", size = 45296647, upload-time = "2025-08-28T15:46:33.221Z" },
    { url = "https://files.pythonhosted.org/packages/06/2e/9db64518aebcb3d6ef6cd6d4d01da741aff912c3f0314dadb61226c6a96a/playwright-1.55.0-py3-none-win32.whl", hash = "sha256:29e6d1558ad9d5b5c19cbec0a72f6a2e35e6353cd9f262e22148685b86759f90", size = 35476046, upload-time = "2025-08-28T15:46:36.184Z" },
    { url = "https://files.pythonhosted.org/packages/46/4f/9ba607fa94bb9cee3d4beb1c7b32c16efbfc9d69d5037fa85d10cafc618b/playwright-1.55.0-py3-none-win_amd64.whl", hash = "sha256:7eb5956473ca1951abb51537e6a0da55257bb2e25fc37c2b75af094a5c93736c", size = 35476048, upload-time = "2025-08-28T15:46:38.867Z" },
    { url = "https://files.pythonhosted.org/packages/21/98/5ca173c8ec906abde26c28e1ecb34887343fd71cc4136261b90036841323/playwright-1.55.0-py3-none-win_arm64.whl", hash = "sha256:012dc89ccdcbd774cdde8aeee14c08e0dd52ddb9135bf10e9db040527386bd76", size = 31225543, upload-time = "2025-08-28T15:46:41.613Z" },
]

[[package]]
name = "pyee"
version = "13.0.0"
source = { registry = "https://pypi.org/simple" }
dependencies = [
    { name = "typing-extensions" },
]
sdist = { url = "https://files.pythonhosted.org/packages/95/03/1fd98d5841cd7964a27d729ccf2199602fe05eb7a405c1462eb7277945ed/pyee-13.0.0.tar.gz", hash = "sha256:b391e3c5a434d1f5118a25615001dbc8f669cf410ab67d04c4d4e07c55481c37", size = 31250, upload-time = "2025-03-17T18:53:15.955Z" }
wheels = [
    { url = "https://files.pythonhosted.org/packages/9b/4d/b9add7c84060d4c1906abe9a7e5359f2a60f7a9a4f67268b2766673427d8/pyee-13.0.0-py3-none-any.whl", hash = "sha256:48195a3cddb3b1515ce0695ed76036b5ccc2ef3a9f963ff9f77aec0139845498", size = 15730, upload-time = "2025-03-17T18:53:14.532Z" },
]

[[package]]
name = "simple-scraper"
version = "0.1.0"
source = { virtual = "." }
dependencies = [
    { name = "mysql-connector-python" },
    { name = "playwright" },
    { name = "sqlalchemy" },
]

[package.metadata]
requires-dist = [
    { name = "mysql-connector-python", specifier = ">=9.5.0" },
    { name = "playwright", specifier = ">=1.55.0" },
    { name = "sqlalchemy", specifier = ">=2.0.44" },
]

[[package]]
name = "sqlalchemy"
version = "2.0.44"
source = { registry = "https://pypi.org/simple" }
dependencies = [
    { name = "greenlet", marker = "platform_machine == 'AMD64' or platform_machine == 'WIN32' or platform_machine == 'aarch64' or platform_machine == 'amd64' or platform_machine == 'ppc64le' or platform_machine == 'win32' or platform_machine == 'x86_64'" },
    { name = "typing-extensions" },
]
sdist = { url = "https://files.pythonhosted.org/packages/f0/f2/840d7b9496825333f532d2e3976b8eadbf52034178aac53630d09fe6e1ef/sqlalchemy-2.0.44.tar.gz", hash = "sha256:0ae7454e1ab1d780aee69fd2aae7d6b8670a581d8847f2d1e0f7ddfbf47e5a22", size = 9819830, upload-time = "2025-10-10T14:39:12.935Z" }
wheels = [
    { url = "https://files.pythonhosted.org/packages/45/d3/c67077a2249fdb455246e6853166360054c331db4613cda3e31ab1cadbef/sqlalchemy-2.0.44-cp313-cp313-macosx_10_13_x86_64.whl", hash = "sha256:ff486e183d151e51b1d694c7aa1695747599bb00b9f5f604092b54b74c64a8e1", size = 2135479, upload-time = "2025-10-10T16:03:37.671Z" },
    { url = "https://files.pythonhosted.org/packages/2b/91/eabd0688330d6fd114f5f12c4f89b0d02929f525e6bf7ff80aa17ca802af/sqlalchemy-2.0.44-cp313-cp313-macosx_11_0_arm64.whl", hash = "sha256:0b1af8392eb27b372ddb783b317dea0f650241cea5bd29199b22235299ca2e45", size = 2123212, upload-time = "2025-10-10T16:03:41.755Z" },
    { url = "https://files.pythonhosted.org/packages/b0/bb/43e246cfe0e81c018076a16036d9b548c4cc649de241fa27d8d9ca6f85ab/sqlalchemy-2.0.44-cp313-cp313-manylinux_2_17_aarch64.manylinux2014_aarch64.whl", hash = "sha256:2b61188657e3a2b9ac4e8f04d6cf8e51046e28175f79464c67f2fd35bceb0976", size = 3255353, upload-time = "2025-10-10T15:35:31.221Z" },
    { url = "https://files.pythonhosted.org/packages/b9/96/c6105ed9a880abe346b64d3b6ddef269ddfcab04f7f3d90a0bf3c5a88e82/sqlalchemy-2.0.44-cp313-cp313-manylinux_2_17_x86_64.manylinux2014_x86_64.whl", hash = "sha256:b87e7b91a5d5973dda5f00cd61ef72ad75a1db73a386b62877d4875a8840959c", size = 3260222, upload-time = "2025-10-10T15:43:50.124Z" },
    { url = "https://files.pythonhosted.org/packages/44/16/1857e35a47155b5ad927272fee81ae49d398959cb749edca6eaa399b582f/sqlalchemy-2.0.44-cp313-cp313-musllinux_1_2_aarch64.whl", hash = "sha256:15f3326f7f0b2bfe406ee562e17f43f36e16167af99c4c0df61db668de20002d", size = 3189614, upload-time = "2025-10-10T15:35:32.578Z" },
    { url = "https://files.pythonhosted.org/packages/88/ee/4afb39a8ee4fc786e2d716c20ab87b5b1fb33d4ac4129a1aaa574ae8a585/sqlalchemy-2.0.44-cp313-cp313-musllinux_1_2_x86_64.whl", hash = "sha256:1e77faf6ff919aa8cd63f1c4e561cac1d9a454a191bb864d5dd5e545935e5a40", size = 3226248, upload-time = "2025-10-10T15:43:51.862Z" },
    { url = "https://files.pythonhosted.org/packages/32/d5/0e66097fc64fa266f29a7963296b40a80d6a997b7ac13806183700676f86/sqlalchemy-2.0.44-cp313-cp313-win32.whl", hash = "sha256:ee51625c2d51f8baadf2829fae817ad0b66b140573939dd69284d2ba3553ae73", size = 2101275, upload-time = "2025-10-10T15:03:26.096Z" },
    { url = "https://files.pythonhosted.org/packages/03/51/665617fe4f8c6450f42a6d8d69243f9420f5677395572c2fe9d21b493b7b/sqlalchemy-2.0.44-cp313-cp313-win_amd64.whl", hash = "sha256:c1c80faaee1a6c3428cecf40d16a2365bcf56c424c92c2b6f0f9ad204b899e9e", size = 2127901, upload-time = "2025-10-10T15:03:27.548Z" },
    { url = "https://files.pythonhosted.org/packages/9c/5e/6a29fa884d9fb7ddadf6b69490a9d45fded3b38541713010dad16b77d015/sqlalchemy-2.0.44-py3-none-any.whl", hash = "sha256:19de7ca1246fbef9f9d1bff8f1ab25641569df226364a0e40457dc5457c54b05", size = 1928718, upload-time = "2025-10-10T15:29:45.32Z" },
]

[[package]]
name = "typing-extensions"
version = "4.15.0"
source = { registry = "https://pypi.org/simple" }
sdist = { url = "https://files.pythonhosted.org/packages/72/94/1a15dd82efb362ac84269196e94cf00f187f7ed21c242792a923cdb1c61f/typing_extensions-4.15.0.tar.gz", hash = "sha256:0cea48d173cc12fa28ecabc3b837ea3cf6f38c6d1136f85cbaaf598984861466", size = 109391, upload-time = "2025-08-25T13:49:26.313Z" }
wheels = [
    { url = "https://files.pythonhosted.org/packages/18/67/36e9267722cc04a6b9f15c7f3441c2363321a3ea07da7ae0c0707beb2a9c/typing_extensions-4.15.0-py3-none-any.whl", hash = "sha256:f0fa19c6845758ab08074a0cfa8b7aecb71c999ca73d62883bc25cc018c4e548", size = 44614, upload-time = "2025-08-25T13:49:24.86Z" },
]
